
Microsoft Visual Studio Solution File, Format Version 12.00
# Visual Studio Version 16
VisualStudioVersion = 16.0.29926.136
MinimumVisualStudioVersion = 10.0.40219.1
Project("{2150E333-8FDC-42A3-9474-1A3956D46DE8}") = "Application", "Application", "{2991277A-6D9F-4AA9-862C-F5D8BF6E4949}"
EndProject
Project("{2150E333-8FDC-42A3-9474-1A3956D46DE8}") = "Domain", "Domain", "{011FE922-B578-473E-9AD3-D45572C7949A}"
EndProject
Project("{2150E333-8FDC-42A3-9474-1A3956D46DE8}") = "Infra.IoC", "Infra.IoC", "{246D05B3-8101-4D3A-9F3D-4E2C8BDAD7E0}"
EndProject
Project("{2150E333-8FDC-42A3-9474-1A3956D46DE8}") = "Infra.Data", "Infra.Data", "{D7F6EB29-848A-4175-A8A2-E159CC9048BB}"
EndProject
Project("{2150E333-8FDC-42A3-9474-1A3956D46DE8}") = "Presentation", "Presentation", "{DD19F464-F063-4B42-8D26-67133DC2371F}"
EndProject
Project("{9A19103F-16F7-4668-BE54-9A1E7A4F7556}") = "CleanArch.Mvc", "CleanArch.Mvc\CleanArch.Mvc.csproj", "{3BF14C64-A75E-407D-80CA-4E0B909E297D}"
EndProject
Project("{9A19103F-16F7-4668-BE54-9A1E7A4F7556}") = "CleanArch.Domain", "CleanArch.Domain\CleanArch.Domain.csproj", "{BF75B712-B937-4BEF-828E-8EEE6F257F90}"
EndProject
Project("{FAE04EC0-301F-11D3-BF4B-00C04F79EFBC}") = "CleanArch.Infra.Data", "CleanArch.Infra.Data\CleanArch.Infra.Data.csproj", "{7027A203-E09A-4035-AF8A-D7EB025852A5}"
EndProject
Project("{FAE04EC0-301F-11D3-BF4B-00C04F79EFBC}") = "CleanArch.Application", "CleanArch.Application\CleanArch.Application.csproj", "{B83190A4-08A0-46D9-90E3-C700F279CFDC}"
EndProject
Global
	GlobalSection(SolutionConfigurationPlatforms) = preSolution
		Debug|Any CPU = Debug|Any CPU
		Release|Any CPU = Release|Any CPU
	EndGlobalSection
	GlobalSection(ProjectConfigurationPlatforms) = postSolution
		{3BF14C64-A75E-407D-80CA-4E0B909E297D}.Debug|Any CPU.ActiveCfg = Debug|Any CPU
		{3BF14C64-A75E-407D-80CA-4E0B909E297D}.Debug|Any CPU.Build.0 = Debug|Any CPU
		{3BF14C64-A75E-407D-80CA-4E0B909E297D}.Release|Any CPU.ActiveCfg = Release|Any CPU
		{3BF14C64-A75E-407D-80CA-4E0B909E297D}.Release|Any CPU.Build.0 = Release|Any CPU
		{BF75B712-B937-4BEF-828E-8EEE6F257F90}.Debug|Any CPU.ActiveCfg = Debug|Any CPU
		{BF75B712-B937-4BEF-828E-8EEE6F257F90}.Debug|Any CPU.Build.0 = Debug|Any CPU
		{BF75B712-B937-4BEF-828E-8EEE6F257F90}.Release|Any CPU.ActiveCfg = Release|Any CPU
		{BF75B712-B937-4BEF-828E-8EEE6F257F90}.Release|Any CPU.Build.0 = Release|Any CPU
		{7027A203-E09A-4035-AF8A-D7EB025852A5}.Debug|Any CPU.ActiveCfg = Debug|Any CPU
		{7027A203-E09A-4035-AF8A-D7EB025852A5}.Debug|Any CPU.Build.0 = Debug|Any CPU
		{7027A203-E09A-4035-AF8A-D7EB025852A5}.Release|Any CPU.ActiveCfg = Release|Any CPU
		{7027A203-E09A-4035-AF8A-D7EB025852A5}.Release|Any CPU.Build.0 = Release|Any CPU
		{B83190A4-08A0-46D9-90E3-C700F279CFDC}.Debug|Any CPU.ActiveCfg = Debug|Any CPU
		{B83190A4-08A0-46D9-90E3-C700F279CFDC}.Debug|Any CPU.Build.0 = Debug|Any CPU
		{B83190A4-08A0-46D9-90E3-C700F279CFDC}.Release|Any CPU.ActiveCfg = Release|Any CPU
		{B83190A4-08A0-46D9-90E3-C700F279CFDC}.Release|Any CPU.Build.0 = Release|Any CPU
	EndGlobalSection
	GlobalSection(SolutionProperties) = preSolution
		HideSolutionNode = FALSE
	EndGlobalSection
	GlobalSection(NestedProjects) = preSolution
		{3BF14C64-A75E-407D-80CA-4E0B909E297D} = {DD19F464-F063-4B42-8D26-67133DC2371F}
		{BF75B712-B937-4BEF-828E-8EEE6F257F90} = {011FE922-B578-473E-9AD3-D45572C7949A}
		{7027A203-E09A-4035-AF8A-D7EB025852A5} = {D7F6EB29-848A-4175-A8A2-E159CC9048BB}
		{B83190A4-08A0-46D9-90E3-C700F279CFDC} = {2991277A-6D9F-4AA9-862C-F5D8BF6E4949}
	EndGlobalSection
	GlobalSection(ExtensibilityGlobals) = postSolution
		SolutionGuid = {C66B1212-0605-4B93-9659-E8018CB94353}
	EndGlobalSection
EndGlobal
